
Microsoft Visual Studio Solution File, Format Version 12.00
# Visual Studio Version 16
VisualStudioVersion = 16.0.30413.136
MinimumVisualStudioVersion = 10.0.40219.1
Project("{FAE04EC0-301F-11D3-BF4B-00C04F79EFBC}") = "Customer-form", "Customer-form.csproj", "{73F959BF-3499-4796-A900-30A72319C2C2}"
EndProject
Global
	GlobalSection(SolutionConfigurationPlatforms) = preSolution
		Debug|Any CPU = Debug|Any CPU
		Release|Any CPU = Release|Any CPU
	EndGlobalSection
	GlobalSection(ProjectConfigurationPlatforms) = postSolution
		{73F959BF-3499-4796-A900-30A72319C2C2}.Debug|Any CPU.ActiveCfg = Debug|Any CPU
		{73F959BF-3499-4796-A900-30A72319C2C2}.Debug|Any CPU.Build.0 = Debug|Any CPU
		{73F959BF-3499-4796-A900-30A72319C2C2}.Release|Any CPU.ActiveCfg = Release|Any CPU
		{73F959BF-3499-4796-A900-30A72319C2C2}.Release|Any CPU.Build.0 = Release|Any CPU
	EndGlobalSection
	GlobalSection(SolutionProperties) = preSolution
		HideSolutionNode = FALSE
	EndGlobalSection
	GlobalSection(ExtensibilityGlobals) = postSolution
		SolutionGuid = {96FE9686-4D6E-4B46-93A7-2061694B7CDB}
	EndGlobalSection
EndGlobal
